// !$*UTF8*$!
{
	archiveVersion = 1;
	classes = {
	};
	objectVersion = 51;
	objects = {

/* Begin PBXBuildFile section */
		48801757236E5E5F91ADDA6C /* Pods_PlayGame_PlayGameUITests.framework in Frameworks */ = {isa = PBXBuildFile; fileRef = 630474CEB889A3D602F68679 /* Pods_PlayGame_PlayGameUITests.framework */; };
		8436C75425490CD600194E27 /* JTShareData.m in Sources */ = {isa = PBXBuildFile; fileRef = 8436C73225490CD600194E27 /* JTShareData.m */; };
		8436C75525490CD600194E27 /* JTUserModel.m in Sources */ = {isa = PBXBuildFile; fileRef = 8436C73325490CD600194E27 /* JTUserModel.m */; };
		8436C75A25490CD600194E27 /* JTNetwork.m in Sources */ = {isa = PBXBuildFile; fileRef = 8436C73925490CD600194E27 /* JTNetwork.m */; };
		8436C76225490CD600194E27 /* JTBaseReqModel.m in Sources */ = {isa = PBXBuildFile; fileRef = 8436C74C25490CD600194E27 /* JTBaseReqModel.m */; };
		8436C77125490D2000194E27 /* JTBaseNavigationController.m in Sources */ = {isa = PBXBuildFile; fileRef = 8436C76725490D2000194E27 /* JTBaseNavigationController.m */; };
		8436C77425490D2000194E27 /* JTBaseTabBarController.m in Sources */ = {isa = PBXBuildFile; fileRef = 8436C76F25490D2000194E27 /* JTBaseTabBarController.m */; };
		8436C78A25490D3000194E27 /* BaseController.m in Sources */ = {isa = PBXBuildFile; fileRef = 8436C78325490D3000194E27 /* BaseController.m */; };
		8436C7D125490D6500194E27 /* UIViewController+HUD.m in Sources */ = {isa = PBXBuildFile; fileRef = 8436C79325490D6500194E27 /* UIViewController+HUD.m */; };
		8436C7D425490D6500194E27 /* UIButton+countDown.m in Sources */ = {isa = PBXBuildFile; fileRef = 8436C79725490D6500194E27 /* UIButton+countDown.m */; };
		8436C7D525490D6500194E27 /* UIView+PubicColor.m in Sources */ = {isa = PBXBuildFile; fileRef = 8436C79825490D6500194E27 /* UIView+PubicColor.m */; };
		8436C7D625490D6500194E27 /* UIView+tool.m in Sources */ = {isa = PBXBuildFile; fileRef = 8436C79925490D6500194E27 /* UIView+tool.m */; };
		8436C7D725490D6500194E27 /* UIButton+LargeArea.m in Sources */ = {isa = PBXBuildFile; fileRef = 8436C79B25490D6500194E27 /* UIButton+LargeArea.m */; };
		8436C7D925490D6500194E27 /* UITextView+Placeholder.m in Sources */ = {isa = PBXBuildFile; fileRef = 8436C7A025490D6500194E27 /* UITextView+Placeholder.m */; };
		8436C7DA25490D6500194E27 /* UIView+Frame.m in Sources */ = {isa = PBXBuildFile; fileRef = 8436C7A125490D6500194E27 /* UIView+Frame.m */; };
		8436C7DB25490D6500194E27 /* NSData+Base65EnCode.m in Sources */ = {isa = PBXBuildFile; fileRef = 8436C7A225490D6500194E27 /* NSData+Base65EnCode.m */; };
		8436C7DC25490D6500194E27 /* NSString+Tool.m in Sources */ = {isa = PBXBuildFile; fileRef = 8436C7A425490D6500194E27 /* NSString+Tool.m */; };
		8436C7DE25490D6500194E27 /* UIImage+GIF.m in Sources */ = {isa = PBXBuildFile; fileRef = 8436C7A625490D6500194E27 /* UIImage+GIF.m */; };
		8436C7E225490D6500194E27 /* NSDictionary+extension.m in Sources */ = {isa = PBXBuildFile; fileRef = 8436C7AF25490D6500194E27 /* NSDictionary+extension.m */; };
		8436C7E325490D6500194E27 /* UIColor+RCColor.m in Sources */ = {isa = PBXBuildFile; fileRef = 8436C7B025490D6500194E27 /* UIColor+RCColor.m */; };
		8436C7E425490D6500194E27 /* UIView+baseExtra.m in Sources */ = {isa = PBXBuildFile; fileRef = 8436C7B125490D6500194E27 /* UIView+baseExtra.m */; };
		8436C7E525490D6500194E27 /* UIImage+TOOL.m in Sources */ = {isa = PBXBuildFile; fileRef = 8436C7B325490D6500194E27 /* UIImage+TOOL.m */; };
		8436C7E625490D6500194E27 /* UIColor+Extension.m in Sources */ = {isa = PBXBuildFile; fileRef = 8436C7B625490D6500194E27 /* UIColor+Extension.m */; };
		8436C7E725490D6500194E27 /* UIImage+RCImage.m in Sources */ = {isa = PBXBuildFile; fileRef = 8436C7B725490D6500194E27 /* UIImage+RCImage.m */; };
		8436C7E825490D6500194E27 /* UIImage+TOO.m in Sources */ = {isa = PBXBuildFile; fileRef = 8436C7BD25490D6500194E27 /* UIImage+TOO.m */; };
		8436C7E925490D6500194E27 /* UINavigationBar+handle.m in Sources */ = {isa = PBXBuildFile; fileRef = 8436C7C025490D6500194E27 /* UINavigationBar+handle.m */; };
		84B252202549080600887B01 /* AppDelegate.m in Sources */ = {isa = PBXBuildFile; fileRef = 84B2521F2549080600887B01 /* AppDelegate.m */; };
		84B252262549080600887B01 /* ViewController.m in Sources */ = {isa = PBXBuildFile; fileRef = 84B252252549080600887B01 /* ViewController.m */; };
		84B252292549080600887B01 /* Main.storyboard in Resources */ = {isa = PBXBuildFile; fileRef = 84B252272549080600887B01 /* Main.storyboard */; };
		84B2522B2549080700887B01 /* Assets.xcassets in Resources */ = {isa = PBXBuildFile; fileRef = 84B2522A2549080700887B01 /* Assets.xcassets */; };
		84B2522E2549080700887B01 /* LaunchScreen.storyboard in Resources */ = {isa = PBXBuildFile; fileRef = 84B2522C2549080700887B01 /* LaunchScreen.storyboard */; };
		84B252312549080700887B01 /* main.m in Sources */ = {isa = PBXBuildFile; fileRef = 84B252302549080700887B01 /* main.m */; };
		84B2523B2549080700887B01 /* PlayGameTests.m in Sources */ = {isa = PBXBuildFile; fileRef = 84B2523A2549080700887B01 /* PlayGameTests.m */; };
		84B252462549080700887B01 /* PlayGameUITests.m in Sources */ = {isa = PBXBuildFile; fileRef = 84B252452549080700887B01 /* PlayGameUITests.m */; };
		B5118B33738333ABFC0D685F /* Pods_PlayGame.framework in Frameworks */ = {isa = PBXBuildFile; fileRef = 550CB93084C72ED72B5D9D7B /* Pods_PlayGame.framework */; };
		F2C89941ABFB46E8507B0179 /* Pods_PlayGameTests.framework in Frameworks */ = {isa = PBXBuildFile; fileRef = F21A60257652AC206112EB6E /* Pods_PlayGameTests.framework */; };
/* End PBXBuildFile section */

/* Begin PBXContainerItemProxy section */
		84B252372549080700887B01 /* PBXContainerItemProxy */ = {
			isa = PBXContainerItemProxy;
			containerPortal = 84B252132549080600887B01 /* Project object */;
			proxyType = 1;
			remoteGlobalIDString = 84B2521A2549080600887B01;
			remoteInfo = PlayGame;
		};
		84B252422549080700887B01 /* PBXContainerItemProxy */ = {
			isa = PBXContainerItemProxy;
			containerPortal = 84B252132549080600887B01 /* Project object */;
			proxyType = 1;
			remoteGlobalIDString = 84B2521A2549080600887B01;
			remoteInfo = PlayGame;
		};
/* End PBXContainerItemProxy section */

/* Begin PBXFileReference section */
		3169BC3BE14B78666A449DAA /* Pods-PlayGame-PlayGameUITests.release.xcconfig */ = {isa = PBXFileReference; includeInIndex = 1; lastKnownFileType = text.xcconfig; name = "Pods-PlayGame-PlayGameUITests.release.xcconfig"; path = "Target Support Files/Pods-PlayGame-PlayGameUITests/Pods-PlayGame-PlayGameUITests.release.xcconfig"; sourceTree = "<group>"; };
		550CB93084C72ED72B5D9D7B /* Pods_PlayGame.framework */ = {isa = PBXFileReference; explicitFileType = wrapper.framework; includeInIndex = 0; path = Pods_PlayGame.framework; sourceTree = BUILT_PRODUCTS_DIR; };
		630474CEB889A3D602F68679 /* Pods_PlayGame_PlayGameUITests.framework */ = {isa = PBXFileReference; explicitFileType = wrapper.framework; includeInIndex = 0; path = Pods_PlayGame_PlayGameUITests.framework; sourceTree = BUILT_PRODUCTS_DIR; };
		8436C73225490CD600194E27 /* JTShareData.m */ = {isa = PBXFileReference; fileEncoding = 4; lastKnownFileType = sourcecode.c.objc; path = JTShareData.m; sourceTree = "<group>"; };
		8436C73325490CD600194E27 /* JTUserModel.m */ = {isa = PBXFileReference; fileEncoding = 4; lastKnownFileType = sourcecode.c.objc; path = JTUserModel.m; sourceTree = "<group>"; };
		8436C73525490CD600194E27 /* JTBaseReqModel.h */ = {isa = PBXFileReference; fileEncoding = 4; lastKnownFileType = sourcecode.c.h; path = JTBaseReqModel.h; sourceTree = "<group>"; };
		8436C73925490CD600194E27 /* JTNetwork.m */ = {isa = PBXFileReference; fileEncoding = 4; lastKnownFileType = sourcecode.c.objc; path = JTNetwork.m; sourceTree = "<group>"; };
		8436C73D25490CD600194E27 /* JTShareData.h */ = {isa = PBXFileReference; fileEncoding = 4; lastKnownFileType = sourcecode.c.h; path = JTShareData.h; sourceTree = "<group>"; };
		8436C74C25490CD600194E27 /* JTBaseReqModel.m */ = {isa = PBXFileReference; fileEncoding = 4; lastKnownFileType = sourcecode.c.objc; path = JTBaseReqModel.m; sourceTree = "<group>"; };
		8436C74D25490CD600194E27 /* JTUserModel.h */ = {isa = PBXFileReference; fileEncoding = 4; lastKnownFileType = sourcecode.c.h; path = JTUserModel.h; sourceTree = "<group>"; };
		8436C75025490CD600194E27 /* JTNetwork.h */ = {isa = PBXFileReference; fileEncoding = 4; lastKnownFileType = sourcecode.c.h; path = JTNetwork.h; sourceTree = "<group>"; };
		8436C76725490D2000194E27 /* JTBaseNavigationController.m */ = {isa = PBXFileReference; fileEncoding = 4; lastKnownFileType = sourcecode.c.objc; path = JTBaseNavigationController.m; sourceTree = "<group>"; };
		8436C76925490D2000194E27 /* JTBaseTabBarController.h */ = {isa = PBXFileReference; fileEncoding = 4; lastKnownFileType = sourcecode.c.h; path = JTBaseTabBarController.h; sourceTree = "<group>"; };
		8436C76C25490D2000194E27 /* JTBaseNavigationController.h */ = {isa = PBXFileReference; fileEncoding = 4; lastKnownFileType = sourcecode.c.h; path = JTBaseNavigationController.h; sourceTree = "<group>"; };
		8436C76F25490D2000194E27 /* JTBaseTabBarController.m */ = {isa = PBXFileReference; fileEncoding = 4; lastKnownFileType = sourcecode.c.objc; path = JTBaseTabBarController.m; sourceTree = "<group>"; };
		8436C77D25490D3000194E27 /* BaseController.h */ = {isa = PBXFileReference; fileEncoding = 4; lastKnownFileType = sourcecode.c.h; path = BaseController.h; sourceTree = "<group>"; };
		8436C78325490D3000194E27 /* BaseController.m */ = {isa = PBXFileReference; fileEncoding = 4; lastKnownFileType = sourcecode.c.objc; path = BaseController.m; sourceTree = "<group>"; };
		8436C79125490D6500194E27 /* UIColor+RCColor.h */ = {isa = PBXFileReference; fileEncoding = 4; lastKnownFileType = sourcecode.c.h; path = "UIColor+RCColor.h"; sourceTree = "<group>"; };
		8436C79225490D6500194E27 /* NSDictionary+extension.h */ = {isa = PBXFileReference; fileEncoding = 4; lastKnownFileType = sourcecode.c.h; path = "NSDictionary+extension.h"; sourceTree = "<group>"; };
		8436C79325490D6500194E27 /* UIViewController+HUD.m */ = {isa = PBXFileReference; fileEncoding = 4; lastKnownFileType = sourcecode.c.objc; path = "UIViewController+HUD.m"; sourceTree = "<group>"; };
		8436C79725490D6500194E27 /* UIButton+countDown.m */ = {isa = PBXFileReference; fileEncoding = 4; lastKnownFileType = sourcecode.c.objc; path = "UIButton+countDown.m"; sourceTree = "<group>"; };
		8436C79825490D6500194E27 /* UIView+PubicColor.m */ = {isa = PBXFileReference; fileEncoding = 4; lastKnownFileType = sourcecode.c.objc; path = "UIView+PubicColor.m"; sourceTree = "<group>"; };
		8436C79925490D6500194E27 /* UIView+tool.m */ = {isa = PBXFileReference; fileEncoding = 4; lastKnownFileType = sourcecode.c.objc; path = "UIView+tool.m"; sourceTree = "<group>"; };
		8436C79A25490D6500194E27 /* UIImage+RCImage.h */ = {isa = PBXFileReference; fileEncoding = 4; lastKnownFileType = sourcecode.c.h; path = "UIImage+RCImage.h"; sourceTree = "<group>"; };
		8436C79B25490D6500194E27 /* UIButton+LargeArea.m */ = {isa = PBXFileReference; fileEncoding = 4; lastKnownFileType = sourcecode.c.objc; path = "UIButton+LargeArea.m"; sourceTree = "<group>"; };
		8436C79C25490D6500194E27 /* UIColor+Extension.h */ = {isa = PBXFileReference; fileEncoding = 4; lastKnownFileType = sourcecode.c.h; path = "UIColor+Extension.h"; sourceTree = "<group>"; };
		8436C79E25490D6500194E27 /* UIImage+TOOL.h */ = {isa = PBXFileReference; fileEncoding = 4; lastKnownFileType = sourcecode.c.h; path = "UIImage+TOOL.h"; sourceTree = "<group>"; };
		8436C79F25490D6500194E27 /* UIView+baseExtra.h */ = {isa = PBXFileReference; fileEncoding = 4; lastKnownFileType = sourcecode.c.h; path = "UIView+baseExtra.h"; sourceTree = "<group>"; };
		8436C7A025490D6500194E27 /* UITextView+Placeholder.m */ = {isa = PBXFileReference; fileEncoding = 4; lastKnownFileType = sourcecode.c.objc; path = "UITextView+Placeholder.m"; sourceTree = "<group>"; };
		8436C7A125490D6500194E27 /* UIView+Frame.m */ = {isa = PBXFileReference; fileEncoding = 4; lastKnownFileType = sourcecode.c.objc; path = "UIView+Frame.m"; sourceTree = "<group>"; };
		8436C7A225490D6500194E27 /* NSData+Base65EnCode.m */ = {isa = PBXFileReference; fileEncoding = 4; lastKnownFileType = sourcecode.c.objc; path = "NSData+Base65EnCode.m"; sourceTree = "<group>"; };
		8436C7A325490D6500194E27 /* UIImage+TOO.h */ = {isa = PBXFileReference; fileEncoding = 4; lastKnownFileType = sourcecode.c.h; path = "UIImage+TOO.h"; sourceTree = "<group>"; };
		8436C7A425490D6500194E27 /* NSString+Tool.m */ = {isa = PBXFileReference; fileEncoding = 4; lastKnownFileType = sourcecode.c.objc; path = "NSString+Tool.m"; sourceTree = "<group>"; };
		8436C7A625490D6500194E27 /* UIImage+GIF.m */ = {isa = PBXFileReference; fileEncoding = 4; lastKnownFileType = sourcecode.c.objc; path = "UIImage+GIF.m"; sourceTree = "<group>"; };
		8436C7AA25490D6500194E27 /* UINavigationBar+handle.h */ = {isa = PBXFileReference; fileEncoding = 4; lastKnownFileType = sourcecode.c.h; path = "UINavigationBar+handle.h"; sourceTree = "<group>"; };
		8436C7AE25490D6500194E27 /* UIViewController+HUD.h */ = {isa = PBXFileReference; fileEncoding = 4; lastKnownFileType = sourcecode.c.h; path = "UIViewController+HUD.h"; sourceTree = "<group>"; };
		8436C7AF25490D6500194E27 /* NSDictionary+extension.m */ = {isa = PBXFileReference; fileEncoding = 4; lastKnownFileType = sourcecode.c.objc; path = "NSDictionary+extension.m"; sourceTree = "<group>"; };
		8436C7B025490D6500194E27 /* UIColor+RCColor.m */ = {isa = PBXFileReference; fileEncoding = 4; lastKnownFileType = sourcecode.c.objc; path = "UIColor+RCColor.m"; sourceTree = "<group>"; };
		8436C7B125490D6500194E27 /* UIView+baseExtra.m */ = {isa = PBXFileReference; fileEncoding = 4; lastKnownFileType = sourcecode.c.objc; path = "UIView+baseExtra.m"; sourceTree = "<group>"; };
		8436C7B225490D6500194E27 /* UITextView+Placeholder.h */ = {isa = PBXFileReference; fileEncoding = 4; lastKnownFileType = sourcecode.c.h; path = "UITextView+Placeholder.h"; sourceTree = "<group>"; };
		8436C7B325490D6500194E27 /* UIImage+TOOL.m */ = {isa = PBXFileReference; fileEncoding = 4; lastKnownFileType = sourcecode.c.objc; path = "UIImage+TOOL.m"; sourceTree = "<group>"; };
		8436C7B425490D6500194E27 /* UIButton+LargeArea.h */ = {isa = PBXFileReference; fileEncoding = 4; lastKnownFileType = sourcecode.c.h; path = "UIButton+LargeArea.h"; sourceTree = "<group>"; };
		8436C7B625490D6500194E27 /* UIColor+Extension.m */ = {isa = PBXFileReference; fileEncoding = 4; lastKnownFileType = sourcecode.c.objc; path = "UIColor+Extension.m"; sourceTree = "<group>"; };
		8436C7B725490D6500194E27 /* UIImage+RCImage.m */ = {isa = PBXFileReference; fileEncoding = 4; lastKnownFileType = sourcecode.c.objc; path = "UIImage+RCImage.m"; sourceTree = "<group>"; };
		8436C7B825490D6500194E27 /* UIView+tool.h */ = {isa = PBXFileReference; fileEncoding = 4; lastKnownFileType = sourcecode.c.h; path = "UIView+tool.h"; sourceTree = "<group>"; };
		8436C7B925490D6500194E27 /* UIButton+countDown.h */ = {isa = PBXFileReference; fileEncoding = 4; lastKnownFileType = sourcecode.c.h; path = "UIButton+countDown.h"; sourceTree = "<group>"; };
		8436C7BA25490D6500194E27 /* UIView+PubicColor.h */ = {isa = PBXFileReference; fileEncoding = 4; lastKnownFileType = sourcecode.c.h; path = "UIView+PubicColor.h"; sourceTree = "<group>"; };
		8436C7BC25490D6500194E27 /* NSString+Tool.h */ = {isa = PBXFileReference; fileEncoding = 4; lastKnownFileType = sourcecode.c.h; path = "NSString+Tool.h"; sourceTree = "<group>"; };
		8436C7BD25490D6500194E27 /* UIImage+TOO.m */ = {isa = PBXFileReference; fileEncoding = 4; lastKnownFileType = sourcecode.c.objc; path = "UIImage+TOO.m"; sourceTree = "<group>"; };
		8436C7BE25490D6500194E27 /* NSData+Base65EnCode.h */ = {isa = PBXFileReference; fileEncoding = 4; lastKnownFileType = sourcecode.c.h; path = "NSData+Base65EnCode.h"; sourceTree = "<group>"; };
		8436C7BF25490D6500194E27 /* UIView+Frame.h */ = {isa = PBXFileReference; fileEncoding = 4; lastKnownFileType = sourcecode.c.h; path = "UIView+Frame.h"; sourceTree = "<group>"; };
		8436C7C025490D6500194E27 /* UINavigationBar+handle.m */ = {isa = PBXFileReference; fileEncoding = 4; lastKnownFileType = sourcecode.c.objc; path = "UINavigationBar+handle.m"; sourceTree = "<group>"; };
		8436C7D025490D6500194E27 /* UIImage+GIF.h */ = {isa = PBXFileReference; fileEncoding = 4; lastKnownFileType = sourcecode.c.h; path = "UIImage+GIF.h"; sourceTree = "<group>"; };
		8436C7FC25490F6000194E27 /* Macro.h */ = {isa = PBXFileReference; lastKnownFileType = sourcecode.c.h; path = Macro.h; sourceTree = "<group>"; };
		8436C7FD25490F6000194E27 /* PrefixHeader.pch */ = {isa = PBXFileReference; lastKnownFileType = sourcecode.c.h; path = PrefixHeader.pch; sourceTree = "<group>"; };
		84B2521B2549080600887B01 /* PlayGame.app */ = {isa = PBXFileReference; explicitFileType = wrapper.application; includeInIndex = 0; path = PlayGame.app; sourceTree = BUILT_PRODUCTS_DIR; };
		84B2521E2549080600887B01 /* AppDelegate.h */ = {isa = PBXFileReference; lastKnownFileType = sourcecode.c.h; path = AppDelegate.h; sourceTree = "<group>"; };
		84B2521F2549080600887B01 /* AppDelegate.m */ = {isa = PBXFileReference; lastKnownFileType = sourcecode.c.objc; path = AppDelegate.m; sourceTree = "<group>"; };
		84B252242549080600887B01 /* ViewController.h */ = {isa = PBXFileReference; lastKnownFileType = sourcecode.c.h; path = ViewController.h; sourceTree = "<group>"; };
		84B252252549080600887B01 /* ViewController.m */ = {isa = PBXFileReference; lastKnownFileType = sourcecode.c.objc; path = ViewController.m; sourceTree = "<group>"; };
		84B252282549080600887B01 /* Base */ = {isa = PBXFileReference; lastKnownFileType = file.storyboard; name = Base; path = Base.lproj/Main.storyboard; sourceTree = "<group>"; };
		84B2522A2549080700887B01 /* Assets.xcassets */ = {isa = PBXFileReference; lastKnownFileType = folder.assetcatalog; path = Assets.xcassets; sourceTree = "<group>"; };
		84B2522D2549080700887B01 /* Base */ = {isa = PBXFileReference; lastKnownFileType = file.storyboard; name = Base; path = Base.lproj/LaunchScreen.storyboard; sourceTree = "<group>"; };
		84B2522F2549080700887B01 /* Info.plist */ = {isa = PBXFileReference; lastKnownFileType = text.plist.xml; path = Info.plist; sourceTree = "<group>"; };
		84B252302549080700887B01 /* main.m */ = {isa = PBXFileReference; lastKnownFileType = sourcecode.c.objc; path = main.m; sourceTree = "<group>"; };
		84B252362549080700887B01 /* PlayGameTests.xctest */ = {isa = PBXFileReference; explicitFileType = wrapper.cfbundle; includeInIndex = 0; path = PlayGameTests.xctest; sourceTree = BUILT_PRODUCTS_DIR; };
		84B2523A2549080700887B01 /* PlayGameTests.m */ = {isa = PBXFileReference; lastKnownFileType = sourcecode.c.objc; path = PlayGameTests.m; sourceTree = "<group>"; };
		84B2523C2549080700887B01 /* Info.plist */ = {isa = PBXFileReference; lastKnownFileType = text.plist.xml; path = Info.plist; sourceTree = "<group>"; };
		84B252412549080700887B01 /* PlayGameUITests.xctest */ = {isa = PBXFileReference; explicitFileType = wrapper.cfbundle; includeInIndex = 0; path = PlayGameUITests.xctest; sourceTree = BUILT_PRODUCTS_DIR; };
		84B252452549080700887B01 /* PlayGameUITests.m */ = {isa = PBXFileReference; lastKnownFileType = sourcecode.c.objc; path = PlayGameUITests.m; sourceTree = "<group>"; };
		84B252472549080700887B01 /* Info.plist */ = {isa = PBXFileReference; lastKnownFileType = text.plist.xml; path = Info.plist; sourceTree = "<group>"; };
		85E727548D9F435274513ACD /* Pods-PlayGame.release.xcconfig */ = {isa = PBXFileReference; includeInIndex = 1; lastKnownFileType = text.xcconfig; name = "Pods-PlayGame.release.xcconfig"; path = "Target Support Files/Pods-PlayGame/Pods-PlayGame.release.xcconfig"; sourceTree = "<group>"; };
		8777D8CDD4C3DD1D27C4A887 /* Pods-PlayGameTests.debug.xcconfig */ = {isa = PBXFileReference; includeInIndex = 1; lastKnownFileType = text.xcconfig; name = "Pods-PlayGameTests.debug.xcconfig"; path = "Target Support Files/Pods-PlayGameTests/Pods-PlayGameTests.debug.xcconfig"; sourceTree = "<group>"; };
		E66D4F02D6901F59B310E621 /* Pods-PlayGame-PlayGameUITests.debug.xcconfig */ = {isa = PBXFileReference; includeInIndex = 1; lastKnownFileType = text.xcconfig; name = "Pods-PlayGame-PlayGameUITests.debug.xcconfig"; path = "Target Support Files/Pods-PlayGame-PlayGameUITests/Pods-PlayGame-PlayGameUITests.debug.xcconfig"; sourceTree = "<group>"; };
		EDCD17FB8A761B3CC77E0582 /* Pods-PlayGame.debug.xcconfig */ = {isa = PBXFileReference; includeInIndex = 1; lastKnownFileType = text.xcconfig; name = "Pods-PlayGame.debug.xcconfig"; path = "Target Support Files/Pods-PlayGame/Pods-PlayGame.debug.xcconfig"; sourceTree = "<group>"; };
		F21A60257652AC206112EB6E /* Pods_PlayGameTests.framework */ = {isa = PBXFileReference; explicitFileType = wrapper.framework; includeInIndex = 0; path = Pods_PlayGameTests.framework; sourceTree = BUILT_PRODUCTS_DIR; };
		F77AC95FAA126A31DE1BB569 /* Pods-PlayGameTests.release.xcconfig */ = {isa = PBXFileReference; includeInIndex = 1; lastKnownFileType = text.xcconfig; name = "Pods-PlayGameTests.release.xcconfig"; path = "Target Support Files/Pods-PlayGameTests/Pods-PlayGameTests.release.xcconfig"; sourceTree = "<group>"; };
/* End PBXFileReference section */

/* Begin PBXFrameworksBuildPhase section */
		84B252182549080600887B01 /* Frameworks */ = {
			isa = PBXFrameworksBuildPhase;
			buildActionMask = 2147483647;
			files = (
				B5118B33738333ABFC0D685F /* Pods_PlayGame.framework in Frameworks */,
			);
			runOnlyForDeploymentPostprocessing = 0;
		};
		84B252332549080700887B01 /* Frameworks */ = {
			isa = PBXFrameworksBuildPhase;
			buildActionMask = 2147483647;
			files = (
				F2C89941ABFB46E8507B0179 /* Pods_PlayGameTests.framework in Frameworks */,
			);
			runOnlyForDeploymentPostprocessing = 0;
		};
		84B2523E2549080700887B01 /* Frameworks */ = {
			isa = PBXFrameworksBuildPhase;
			buildActionMask = 2147483647;
			files = (
				48801757236E5E5F91ADDA6C /* Pods_PlayGame_PlayGameUITests.framework in Frameworks */,
			);
			runOnlyForDeploymentPostprocessing = 0;
		};
/* End PBXFrameworksBuildPhase section */

/* Begin PBXGroup section */
		54FA960DBB6D9ADE5C2A284B /* Pods */ = {
			isa = PBXGroup;
			children = (
				EDCD17FB8A761B3CC77E0582 /* Pods-PlayGame.debug.xcconfig */,
				85E727548D9F435274513ACD /* Pods-PlayGame.release.xcconfig */,
				E66D4F02D6901F59B310E621 /* Pods-PlayGame-PlayGameUITests.debug.xcconfig */,
				3169BC3BE14B78666A449DAA /* Pods-PlayGame-PlayGameUITests.release.xcconfig */,
				8777D8CDD4C3DD1D27C4A887 /* Pods-PlayGameTests.debug.xcconfig */,
				F77AC95FAA126A31DE1BB569 /* Pods-PlayGameTests.release.xcconfig */,
			);
			path = Pods;
			sourceTree = "<group>";
		};
		8436C72C25490CD600194E27 /* NetWork */ = {
			isa = PBXGroup;
			children = (
				8436C73525490CD600194E27 /* JTBaseReqModel.h */,
				8436C74C25490CD600194E27 /* JTBaseReqModel.m */,
				8436C75025490CD600194E27 /* JTNetwork.h */,
				8436C73925490CD600194E27 /* JTNetwork.m */,
				8436C73D25490CD600194E27 /* JTShareData.h */,
				8436C73225490CD600194E27 /* JTShareData.m */,
				8436C74D25490CD600194E27 /* JTUserModel.h */,
				8436C73325490CD600194E27 /* JTUserModel.m */,
			);
			path = NetWork;
			sourceTree = "<group>";
		};
		8436C76625490D2000194E27 /* Tabbar */ = {
			isa = PBXGroup;
			children = (
				8436C76C25490D2000194E27 /* JTBaseNavigationController.h */,
				8436C76725490D2000194E27 /* JTBaseNavigationController.m */,
				8436C76925490D2000194E27 /* JTBaseTabBarController.h */,
				8436C76F25490D2000194E27 /* JTBaseTabBarController.m */,
			);
			path = Tabbar;
			sourceTree = "<group>";
		};
		8436C77925490D3000194E27 /* BaseViewController */ = {
			isa = PBXGroup;
			children = (
				8436C77D25490D3000194E27 /* BaseController.h */,
				8436C78325490D3000194E27 /* BaseController.m */,
			);
			path = BaseViewController;
			sourceTree = "<group>";
		};
		8436C79025490D6500194E27 /* Categories */ = {
			isa = PBXGroup;
			children = (
				8436C7BE25490D6500194E27 /* NSData+Base65EnCode.h */,
				8436C7A225490D6500194E27 /* NSData+Base65EnCode.m */,
				8436C79225490D6500194E27 /* NSDictionary+extension.h */,
				8436C7AF25490D6500194E27 /* NSDictionary+extension.m */,
				8436C7BC25490D6500194E27 /* NSString+Tool.h */,
				8436C7A425490D6500194E27 /* NSString+Tool.m */,
				8436C7B925490D6500194E27 /* UIButton+countDown.h */,
				8436C79725490D6500194E27 /* UIButton+countDown.m */,
				8436C7B425490D6500194E27 /* UIButton+LargeArea.h */,
				8436C79B25490D6500194E27 /* UIButton+LargeArea.m */,
				8436C79C25490D6500194E27 /* UIColor+Extension.h */,
				8436C7B625490D6500194E27 /* UIColor+Extension.m */,
				8436C79125490D6500194E27 /* UIColor+RCColor.h */,
				8436C7B025490D6500194E27 /* UIColor+RCColor.m */,
				8436C7D025490D6500194E27 /* UIImage+GIF.h */,
				8436C7A625490D6500194E27 /* UIImage+GIF.m */,
				8436C79A25490D6500194E27 /* UIImage+RCImage.h */,
				8436C7B725490D6500194E27 /* UIImage+RCImage.m */,
				8436C7A325490D6500194E27 /* UIImage+TOO.h */,
				8436C7BD25490D6500194E27 /* UIImage+TOO.m */,
				8436C79E25490D6500194E27 /* UIImage+TOOL.h */,
				8436C7B325490D6500194E27 /* UIImage+TOOL.m */,
				8436C7AA25490D6500194E27 /* UINavigationBar+handle.h */,
				8436C7C025490D6500194E27 /* UINavigationBar+handle.m */,
				8436C7B225490D6500194E27 /* UITextView+Placeholder.h */,
				8436C7A025490D6500194E27 /* UITextView+Placeholder.m */,
				8436C79F25490D6500194E27 /* UIView+baseExtra.h */,
				8436C7B125490D6500194E27 /* UIView+baseExtra.m */,
				8436C7BF25490D6500194E27 /* UIView+Frame.h */,
				8436C7A125490D6500194E27 /* UIView+Frame.m */,
				8436C7BA25490D6500194E27 /* UIView+PubicColor.h */,
				8436C79825490D6500194E27 /* UIView+PubicColor.m */,
				8436C7B825490D6500194E27 /* UIView+tool.h */,
				8436C79925490D6500194E27 /* UIView+tool.m */,
				8436C7AE25490D6500194E27 /* UIViewController+HUD.h */,
				8436C79325490D6500194E27 /* UIViewController+HUD.m */,
			);
			path = Categories;
			sourceTree = "<group>";
		};
		8436C84625491A8D00194E27 /* Base */ = {
			isa = PBXGroup;
			children = (
				8436C79025490D6500194E27 /* Categories */,
				8436C77925490D3000194E27 /* BaseViewController */,
				8436C76625490D2000194E27 /* Tabbar */,
				8436C72C25490CD600194E27 /* NetWork */,
			);
			path = Base;
			sourceTree = "<group>";
		};
		8436C84D25491BCC00194E27 /* Business */ = {
			isa = PBXGroup;
			children = (
				8436C85025491BF000194E27 /* Chat */,
				8436C84F25491BDF00194E27 /* My */,
				8436C84E25491BDB00194E27 /* Home */,
			);
			path = Business;
			sourceTree = "<group>";
		};
		8436C84E25491BDB00194E27 /* Home */ = {
			isa = PBXGroup;
			children = (
			);
			path = Home;
			sourceTree = "<group>";
		};
		8436C84F25491BDF00194E27 /* My */ = {
			isa = PBXGroup;
			children = (
			);
			path = My;
			sourceTree = "<group>";
		};
		8436C85025491BF000194E27 /* Chat */ = {
			isa = PBXGroup;
			children = (
			);
			path = Chat;
			sourceTree = "<group>";
		};
		84B252122549080600887B01 = {
			isa = PBXGroup;
			children = (
				84B2521D2549080600887B01 /* PlayGame */,
				84B252392549080700887B01 /* PlayGameTests */,
				84B252442549080700887B01 /* PlayGameUITests */,
				84B2521C2549080600887B01 /* Products */,
				54FA960DBB6D9ADE5C2A284B /* Pods */,
				E114ED1C345EC61D7B2FBBF3 /* Frameworks */,
			);
			sourceTree = "<group>";
		};
		84B2521C2549080600887B01 /* Products */ = {
			isa = PBXGroup;
			children = (
				84B2521B2549080600887B01 /* PlayGame.app */,
				84B252362549080700887B01 /* PlayGameTests.xctest */,
				84B252412549080700887B01 /* PlayGameUITests.xctest */,
			);
			name = Products;
			sourceTree = "<group>";
		};
		84B2521D2549080600887B01 /* PlayGame */ = {
			isa = PBXGroup;
			children = (
				8436C84D25491BCC00194E27 /* Business */,
				8436C84625491A8D00194E27 /* Base */,
				84B2521E2549080600887B01 /* AppDelegate.h */,
				84B2521F2549080600887B01 /* AppDelegate.m */,
				8436C7FC25490F6000194E27 /* Macro.h */,
				8436C7FD25490F6000194E27 /* PrefixHeader.pch */,
				84B252242549080600887B01 /* ViewController.h */,
				84B252252549080600887B01 /* ViewController.m */,
				84B252272549080600887B01 /* Main.storyboard */,
				84B2522A2549080700887B01 /* Assets.xcassets */,
				84B2522C2549080700887B01 /* LaunchScreen.storyboard */,
				84B2522F2549080700887B01 /* Info.plist */,
				84B252302549080700887B01 /* main.m */,
			);
			path = PlayGame;
			sourceTree = "<group>";
		};
		84B252392549080700887B01 /* PlayGameTests */ = {
			isa = PBXGroup;
			children = (
				84B2523A2549080700887B01 /* PlayGameTests.m */,
				84B2523C2549080700887B01 /* Info.plist */,
			);
			path = PlayGameTests;
			sourceTree = "<group>";
		};
		84B252442549080700887B01 /* PlayGameUITests */ = {
			isa = PBXGroup;
			children = (
				84B252452549080700887B01 /* PlayGameUITests.m */,
				84B252472549080700887B01 /* Info.plist */,
			);
			path = PlayGameUITests;
			sourceTree = "<group>";
		};
		E114ED1C345EC61D7B2FBBF3 /* Frameworks */ = {
			isa = PBXGroup;
			children = (
				550CB93084C72ED72B5D9D7B /* Pods_PlayGame.framework */,
				630474CEB889A3D602F68679 /* Pods_PlayGame_PlayGameUITests.framework */,
				F21A60257652AC206112EB6E /* Pods_PlayGameTests.framework */,
			);
			name = Frameworks;
			sourceTree = "<group>";
		};
/* End PBXGroup section */

/* Begin PBXNativeTarget section */
		84B2521A2549080600887B01 /* PlayGame */ = {
			isa = PBXNativeTarget;
			buildConfigurationList = 84B2524A2549080700887B01 /* Build configuration list for PBXNativeTarget "PlayGame" */;
			buildPhases = (
				D3B9CC05D34049AD0B99690A /* [CP] Check Pods Manifest.lock */,
				84B252172549080600887B01 /* Sources */,
				84B252182549080600887B01 /* Frameworks */,
				84B252192549080600887B01 /* Resources */,
				44EEA79D888B17FA7A5138FA /* [CP] Embed Pods Frameworks */,
			);
			buildRules = (
			);
			dependencies = (
			);
			name = PlayGame;
			productName = PlayGame;
			productReference = 84B2521B2549080600887B01 /* PlayGame.app */;
			productType = "com.apple.product-type.application";
		};
		84B252352549080700887B01 /* PlayGameTests */ = {
			isa = PBXNativeTarget;
			buildConfigurationList = 84B2524D2549080700887B01 /* Build configuration list for PBXNativeTarget "PlayGameTests" */;
			buildPhases = (
				0F0FED5336E3C76AFC0E78F5 /* [CP] Check Pods Manifest.lock */,
				84B252322549080700887B01 /* Sources */,
				84B252332549080700887B01 /* Frameworks */,
				84B252342549080700887B01 /* Resources */,
			);
			buildRules = (
			);
			dependencies = (
				84B252382549080700887B01 /* PBXTargetDependency */,
			);
			name = PlayGameTests;
			productName = PlayGameTests;
			productReference = 84B252362549080700887B01 /* PlayGameTests.xctest */;
			productType = "com.apple.product-type.bundle.unit-test";
		};
		84B252402549080700887B01 /* PlayGameUITests */ = {
			isa = PBXNativeTarget;
			buildConfigurationList = 84B252502549080700887B01 /* Build configuration list for PBXNativeTarget "PlayGameUITests" */;
			buildPhases = (
				BE10F7BAF7F32E495BAD8BDF /* [CP] Check Pods Manifest.lock */,
				84B2523D2549080700887B01 /* Sources */,
				84B2523E2549080700887B01 /* Frameworks */,
				84B2523F2549080700887B01 /* Resources */,
				0F5E7DEEF82E6A280E27BA22 /* [CP] Embed Pods Frameworks */,
			);
			buildRules = (
			);
			dependencies = (
				84B252432549080700887B01 /* PBXTargetDependency */,
			);
			name = PlayGameUITests;
			productName = PlayGameUITests;
			productReference = 84B252412549080700887B01 /* PlayGameUITests.xctest */;
			productType = "com.apple.product-type.bundle.ui-testing";
		};
/* End PBXNativeTarget section */

/* Begin PBXProject section */
		84B252132549080600887B01 /* Project object */ = {
			isa = PBXProject;
			attributes = {
				LastUpgradeCheck = 1210;
				TargetAttributes = {
					84B2521A2549080600887B01 = {
						CreatedOnToolsVersion = 12.1;
					};
					84B252352549080700887B01 = {
						CreatedOnToolsVersion = 12.1;
						TestTargetID = 84B2521A2549080600887B01;
					};
					84B252402549080700887B01 = {
						CreatedOnToolsVersion = 12.1;
						TestTargetID = 84B2521A2549080600887B01;
					};
				};
			};
			buildConfigurationList = 84B252162549080600887B01 /* Build configuration list for PBXProject "PlayGame" */;
			compatibilityVersion = "Xcode 9.3";
			developmentRegion = en;
			hasScannedForEncodings = 0;
			knownRegions = (
				en,
				Base,
				"zh-Hans",
			);
			mainGroup = 84B252122549080600887B01;
			productRefGroup = 84B2521C2549080600887B01 /* Products */;
			projectDirPath = "";
			projectRoot = "";
			targets = (
				84B2521A2549080600887B01 /* PlayGame */,
				84B252352549080700887B01 /* PlayGameTests */,
				84B252402549080700887B01 /* PlayGameUITests */,
			);
		};
/* End PBXProject section */

/* Begin PBXResourcesBuildPhase section */
		84B252192549080600887B01 /* Resources */ = {
			isa = PBXResourcesBuildPhase;
			buildActionMask = 2147483647;
			files = (
				84B2522E2549080700887B01 /* LaunchScreen.storyboard in Resources */,
				84B2522B2549080700887B01 /* Assets.xcassets in Resources */,
				84B252292549080600887B01 /* Main.storyboard in Resources */,
			);
			runOnlyForDeploymentPostprocessing = 0;
		};
		84B252342549080700887B01 /* Resources */ = {
			isa = PBXResourcesBuildPhase;
			buildActionMask = 2147483647;
			files = (
			);
			runOnlyForDeploymentPostprocessing = 0;
		};
		84B2523F2549080700887B01 /* Resources */ = {
			isa = PBXResourcesBuildPhase;
			buildActionMask = 2147483647;
			files = (
			);
			runOnlyForDeploymentPostprocessing = 0;
		};
/* End PBXResourcesBuildPhase section */

/* Begin PBXShellScriptBuildPhase section */
		0F0FED5336E3C76AFC0E78F5 /* [CP] Check Pods Manifest.lock */ = {
			isa = PBXShellScriptBuildPhase;
			buildActionMask = 2147483647;
			files = (
			);
			inputFileListPaths = (
			);
			inputPaths = (
				"${PODS_PODFILE_DIR_PATH}/Podfile.lock",
				"${PODS_ROOT}/Manifest.lock",
			);
			name = "[CP] Check Pods Manifest.lock";
			outputFileListPaths = (
			);
			outputPaths = (
				"$(DERIVED_FILE_DIR)/Pods-PlayGameTests-checkManifestLockResult.txt",
			);
			runOnlyForDeploymentPostprocessing = 0;
			shellPath = /bin/sh;
			shellScript = "diff \"${PODS_PODFILE_DIR_PATH}/Podfile.lock\" \"${PODS_ROOT}/Manifest.lock\" > /dev/null\nif [ $? != 0 ] ; then\n    # print error to STDERR\n    echo \"error: The sandbox is not in sync with the Podfile.lock. Run 'pod install' or update your CocoaPods installation.\" >&2\n    exit 1\nfi\n# This output is used by Xcode 'outputs' to avoid re-running this script phase.\necho \"SUCCESS\" > \"${SCRIPT_OUTPUT_FILE_0}\"\n";
			showEnvVarsInLog = 0;
		};
		0F5E7DEEF82E6A280E27BA22 /* [CP] Embed Pods Frameworks */ = {
			isa = PBXShellScriptBuildPhase;
			buildActionMask = 2147483647;
			files = (
			);
			inputFileListPaths = (
				"${PODS_ROOT}/Target Support Files/Pods-PlayGame-PlayGameUITests/Pods-PlayGame-PlayGameUITests-frameworks-${CONFIGURATION}-input-files.xcfilelist",
			);
			name = "[CP] Embed Pods Frameworks";
			outputFileListPaths = (
				"${PODS_ROOT}/Target Support Files/Pods-PlayGame-PlayGameUITests/Pods-PlayGame-PlayGameUITests-frameworks-${CONFIGURATION}-output-files.xcfilelist",
			);
			runOnlyForDeploymentPostprocessing = 0;
			shellPath = /bin/sh;
			shellScript = "\"${PODS_ROOT}/Target Support Files/Pods-PlayGame-PlayGameUITests/Pods-PlayGame-PlayGameUITests-frameworks.sh\"\n";
			showEnvVarsInLog = 0;
		};
		44EEA79D888B17FA7A5138FA /* [CP] Embed Pods Frameworks */ = {
			isa = PBXShellScriptBuildPhase;
			buildActionMask = 2147483647;
			files = (
			);
			inputFileListPaths = (
				"${PODS_ROOT}/Target Support Files/Pods-PlayGame/Pods-PlayGame-frameworks-${CONFIGURATION}-input-files.xcfilelist",
			);
			name = "[CP] Embed Pods Frameworks";
			outputFileListPaths = (
				"${PODS_ROOT}/Target Support Files/Pods-PlayGame/Pods-PlayGame-frameworks-${CONFIGURATION}-output-files.xcfilelist",
			);
			runOnlyForDeploymentPostprocessing = 0;
			shellPath = /bin/sh;
			shellScript = "\"${PODS_ROOT}/Target Support Files/Pods-PlayGame/Pods-PlayGame-frameworks.sh\"\n";
			showEnvVarsInLog = 0;
		};
		BE10F7BAF7F32E495BAD8BDF /* [CP] Check Pods Manifest.lock */ = {
			isa = PBXShellScriptBuildPhase;
			buildActionMask = 2147483647;
			files = (
			);
			inputFileListPaths = (
			);
			inputPaths = (
				"${PODS_PODFILE_DIR_PATH}/Podfile.lock",
				"${PODS_ROOT}/Manifest.lock",
			);
			name = "[CP] Check Pods Manifest.lock";
			outputFileListPaths = (
			);
			outputPaths = (
				"$(DERIVED_FILE_DIR)/Pods-PlayGame-PlayGameUITests-checkManifestLockResult.txt",
			);
			runOnlyForDeploymentPostprocessing = 0;
			shellPath = /bin/sh;
			shellScript = "diff \"${PODS_PODFILE_DIR_PATH}/Podfile.lock\" \"${PODS_ROOT}/Manifest.lock\" > /dev/null\nif [ $? != 0 ] ; then\n    # print error to STDERR\n    echo \"error: The sandbox is not in sync with the Podfile.lock. Run 'pod install' or update your CocoaPods installation.\" >&2\n    exit 1\nfi\n# This output is used by Xcode 'outputs' to avoid re-running this script phase.\necho \"SUCCESS\" > \"${SCRIPT_OUTPUT_FILE_0}\"\n";
			showEnvVarsInLog = 0;
		};
		D3B9CC05D34049AD0B99690A /* [CP] Check Pods Manifest.lock */ = {
			isa = PBXShellScriptBuildPhase;
			buildActionMask = 2147483647;
			files = (
			);
			inputFileListPaths = (
			);
			inputPaths = (
				"${PODS_PODFILE_DIR_PATH}/Podfile.lock",
				"${PODS_ROOT}/Manifest.lock",
			);
			name = "[CP] Check Pods Manifest.lock";
			outputFileListPaths = (
			);
			outputPaths = (
				"$(DERIVED_FILE_DIR)/Pods-PlayGame-checkManifestLockResult.txt",
			);
			runOnlyForDeploymentPostprocessing = 0;
			shellPath = /bin/sh;
			shellScript = "diff \"${PODS_PODFILE_DIR_PATH}/Podfile.lock\" \"${PODS_ROOT}/Manifest.lock\" > /dev/null\nif [ $? != 0 ] ; then\n    # print error to STDERR\n    echo \"error: The sandbox is not in sync with the Podfile.lock. Run 'pod install' or update your CocoaPods installation.\" >&2\n    exit 1\nfi\n# This output is used by Xcode 'outputs' to avoid re-running this script phase.\necho \"SUCCESS\" > \"${SCRIPT_OUTPUT_FILE_0}\"\n";
			showEnvVarsInLog = 0;
		};
/* End PBXShellScriptBuildPhase section */

/* Begin PBXSourcesBuildPhase section */
		84B252172549080600887B01 /* Sources */ = {
			isa = PBXSourcesBuildPhase;
			buildActionMask = 2147483647;
			files = (
				8436C7D125490D6500194E27 /* UIViewController+HUD.m in Sources */,
				8436C77425490D2000194E27 /* JTBaseTabBarController.m in Sources */,
				8436C75A25490CD600194E27 /* JTNetwork.m in Sources */,
				8436C7E625490D6500194E27 /* UIColor+Extension.m in Sources */,
				84B252262549080600887B01 /* ViewController.m in Sources */,
				8436C7D725490D6500194E27 /* UIButton+LargeArea.m in Sources */,
				8436C7DE25490D6500194E27 /* UIImage+GIF.m in Sources */,
				8436C77125490D2000194E27 /* JTBaseNavigationController.m in Sources */,
				8436C7D525490D6500194E27 /* UIView+PubicColor.m in Sources */,
				8436C7E525490D6500194E27 /* UIImage+TOOL.m in Sources */,
				8436C75425490CD600194E27 /* JTShareData.m in Sources */,
				8436C7DB25490D6500194E27 /* NSData+Base65EnCode.m in Sources */,
				8436C7DA25490D6500194E27 /* UIView+Frame.m in Sources */,
				84B252202549080600887B01 /* AppDelegate.m in Sources */,
				8436C7E325490D6500194E27 /* UIColor+RCColor.m in Sources */,
				8436C7E925490D6500194E27 /* UINavigationBar+handle.m in Sources */,
				8436C78A25490D3000194E27 /* BaseController.m in Sources */,
				8436C7E225490D6500194E27 /* NSDictionary+extension.m in Sources */,
				8436C76225490CD600194E27 /* JTBaseReqModel.m in Sources */,
				8436C7E725490D6500194E27 /* UIImage+RCImage.m in Sources */,
				8436C7D625490D6500194E27 /* UIView+tool.m in Sources */,
				8436C7D925490D6500194E27 /* UITextView+Placeholder.m in Sources */,
				8436C7D425490D6500194E27 /* UIButton+countDown.m in Sources */,
				8436C7E825490D6500194E27 /* UIImage+TOO.m in Sources */,
				8436C7DC25490D6500194E27 /* NSString+Tool.m in Sources */,
				84B252312549080700887B01 /* main.m in Sources */,
				8436C75525490CD600194E27 /* JTUserModel.m in Sources */,
				8436C7E425490D6500194E27 /* UIView+baseExtra.m in Sources */,
			);
			runOnlyForDeploymentPostprocessing = 0;
		};
		84B252322549080700887B01 /* Sources */ = {
			isa = PBXSourcesBuildPhase;
			buildActionMask = 2147483647;
			files = (
				84B2523B2549080700887B01 /* PlayGameTests.m in Sources */,
			);
			runOnlyForDeploymentPostprocessing = 0;
		};
		84B2523D2549080700887B01 /* Sources */ = {
			isa = PBXSourcesBuildPhase;
			buildActionMask = 2147483647;
			files = (
				84B252462549080700887B01 /* PlayGameUITests.m in Sources */,
			);
			runOnlyForDeploymentPostprocessing = 0;
		};
/* End PBXSourcesBuildPhase section */

/* Begin PBXTargetDependency section */
		84B252382549080700887B01 /* PBXTargetDependency */ = {
			isa = PBXTargetDependency;
			target = 84B2521A2549080600887B01 /* PlayGame */;
			targetProxy = 84B252372549080700887B01 /* PBXContainerItemProxy */;
		};
		84B252432549080700887B01 /* PBXTargetDependency */ = {
			isa = PBXTargetDependency;
			target = 84B2521A2549080600887B01 /* PlayGame */;
			targetProxy = 84B252422549080700887B01 /* PBXContainerItemProxy */;
		};
/* End PBXTargetDependency section */

/* Begin PBXVariantGroup section */
		84B252272549080600887B01 /* Main.storyboard */ = {
			isa = PBXVariantGroup;
			children = (
				84B252282549080600887B01 /* Base */,
			);
			name = Main.storyboard;
			sourceTree = "<group>";
		};
		84B2522C2549080700887B01 /* LaunchScreen.storyboard */ = {
			isa = PBXVariantGroup;
			children = (
				84B2522D2549080700887B01 /* Base */,
			);
			name = LaunchScreen.storyboard;
			sourceTree = "<group>";
		};
/* End PBXVariantGroup section */

/* Begin XCBuildConfiguration section */
		84B252482549080700887B01 /* Debug */ = {
			isa = XCBuildConfiguration;
			buildSettings = {
				ALWAYS_SEARCH_USER_PATHS = NO;
				CLANG_ANALYZER_NONNULL = YES;
				CLANG_ANALYZER_NUMBER_OBJECT_CONVERSION = YES_AGGRESSIVE;
				CLANG_CXX_LANGUAGE_STANDARD = "gnu++14";
				CLANG_CXX_LIBRARY = "libc++";
				CLANG_ENABLE_MODULES = YES;
				CLANG_ENABLE_OBJC_ARC = YES;
				CLANG_ENABLE_OBJC_WEAK = YES;
				CLANG_WARN_BLOCK_CAPTURE_AUTORELEASING = YES;
				CLANG_WARN_BOOL_CONVERSION = YES;
				CLANG_WARN_COMMA = YES;
				CLANG_WARN_CONSTANT_CONVERSION = YES;
				CLANG_WARN_DEPRECATED_OBJC_IMPLEMENTATIONS = YES;
				CLANG_WARN_DIRECT_OBJC_ISA_USAGE = YES_ERROR;
				CLANG_WARN_DOCUMENTATION_COMMENTS = YES;
				CLANG_WARN_EMPTY_BODY = YES;
				CLANG_WARN_ENUM_CONVERSION = YES;
				CLANG_WARN_INFINITE_RECURSION = YES;
				CLANG_WARN_INT_CONVERSION = YES;
				CLANG_WARN_NON_LITERAL_NULL_CONVERSION = YES;
				CLANG_WARN_OBJC_IMPLICIT_RETAIN_SELF = YES;
				CLANG_WARN_OBJC_LITERAL_CONVERSION = YES;
				CLANG_WARN_OBJC_ROOT_CLASS = YES_ERROR;
				CLANG_WARN_QUOTED_INCLUDE_IN_FRAMEWORK_HEADER = YES;
				CLANG_WARN_RANGE_LOOP_ANALYSIS = YES;
				CLANG_WARN_STRICT_PROTOTYPES = YES;
				CLANG_WARN_SUSPICIOUS_MOVE = YES;
				CLANG_WARN_UNGUARDED_AVAILABILITY = YES_AGGRESSIVE;
				CLANG_WARN_UNREACHABLE_CODE = YES;
				CLANG_WARN__DUPLICATE_METHOD_MATCH = YES;
				COPY_PHASE_STRIP = NO;
				DEBUG_INFORMATION_FORMAT = dwarf;
				ENABLE_STRICT_OBJC_MSGSEND = YES;
				ENABLE_TESTABILITY = YES;
				GCC_C_LANGUAGE_STANDARD = gnu11;
				GCC_DYNAMIC_NO_PIC = NO;
				GCC_NO_COMMON_BLOCKS = YES;
				GCC_OPTIMIZATION_LEVEL = 0;
				GCC_PREPROCESSOR_DEFINITIONS = (
					"DEBUG=1",
					"$(inherited)",
				);
				GCC_WARN_64_TO_32_BIT_CONVERSION = YES;
				GCC_WARN_ABOUT_RETURN_TYPE = YES_ERROR;
				GCC_WARN_UNDECLARED_SELECTOR = YES;
				GCC_WARN_UNINITIALIZED_AUTOS = YES_AGGRESSIVE;
				GCC_WARN_UNUSED_FUNCTION = YES;
				GCC_WARN_UNUSED_VARIABLE = YES;
				IPHONEOS_DEPLOYMENT_TARGET = 14.1;
				MTL_ENABLE_DEBUG_INFO = INCLUDE_SOURCE;
				MTL_FAST_MATH = YES;
				ONLY_ACTIVE_ARCH = YES;
				SDKROOT = iphoneos;
			};
			name = Debug;
		};
		84B252492549080700887B01 /* Release */ = {
			isa = XCBuildConfiguration;
			buildSettings = {
				ALWAYS_SEARCH_USER_PATHS = NO;
				CLANG_ANALYZER_NONNULL = YES;
				CLANG_ANALYZER_NUMBER_OBJECT_CONVERSION = YES_AGGRESSIVE;
				CLANG_CXX_LANGUAGE_STANDARD = "gnu++14";
				CLANG_CXX_LIBRARY = "libc++";
				CLANG_ENABLE_MODULES = YES;
				CLANG_ENABLE_OBJC_ARC = YES;
				CLANG_ENABLE_OBJC_WEAK = YES;
				CLANG_WARN_BLOCK_CAPTURE_AUTORELEASING = YES;
				CLANG_WARN_BOOL_CONVERSION = YES;
				CLANG_WARN_COMMA = YES;
				CLANG_WARN_CONSTANT_CONVERSION = YES;
				CLANG_WARN_DEPRECATED_OBJC_IMPLEMENTATIONS = YES;
				CLANG_WARN_DIRECT_OBJC_ISA_USAGE = YES_ERROR;
				CLANG_WARN_DOCUMENTATION_COMMENTS = YES;
				CLANG_WARN_EMPTY_BODY = YES;
				CLANG_WARN_ENUM_CONVERSION = YES;
				CLANG_WARN_INFINITE_RECURSION = YES;
				CLANG_WARN_INT_CONVERSION = YES;
				CLANG_WARN_NON_LITERAL_NULL_CONVERSION = YES;
				CLANG_WARN_OBJC_IMPLICIT_RETAIN_SELF = YES;
				CLANG_WARN_OBJC_LITERAL_CONVERSION = YES;
				CLANG_WARN_OBJC_ROOT_CLASS = YES_ERROR;
				CLANG_WARN_QUOTED_INCLUDE_IN_FRAMEWORK_HEADER = YES;
				CLANG_WARN_RANGE_LOOP_ANALYSIS = YES;
				CLANG_WARN_STRICT_PROTOTYPES = YES;
				CLANG_WARN_SUSPICIOUS_MOVE = YES;
				CLANG_WARN_UNGUARDED_AVAILABILITY = YES_AGGRESSIVE;
				CLANG_WARN_UNREACHABLE_CODE = YES;
				CLANG_WARN__DUPLICATE_METHOD_MATCH = YES;
				COPY_PHASE_STRIP = NO;
				DEBUG_INFORMATION_FORMAT = "dwarf-with-dsym";
				ENABLE_NS_ASSERTIONS = NO;
				ENABLE_STRICT_OBJC_MSGSEND = YES;
				GCC_C_LANGUAGE_STANDARD = gnu11;
				GCC_NO_COMMON_BLOCKS = YES;
				GCC_WARN_64_TO_32_BIT_CONVERSION = YES;
				GCC_WARN_ABOUT_RETURN_TYPE = YES_ERROR;
				GCC_WARN_UNDECLARED_SELECTOR = YES;
				GCC_WARN_UNINITIALIZED_AUTOS = YES_AGGRESSIVE;
				GCC_WARN_UNUSED_FUNCTION = YES;
				GCC_WARN_UNUSED_VARIABLE = YES;
				IPHONEOS_DEPLOYMENT_TARGET = 14.1;
				MTL_ENABLE_DEBUG_INFO = NO;
				MTL_FAST_MATH = YES;
				SDKROOT = iphoneos;
				VALIDATE_PRODUCT = YES;
			};
			name = Release;
		};
		84B2524B2549080700887B01 /* Debug */ = {
			isa = XCBuildConfiguration;
			baseConfigurationReference = EDCD17FB8A761B3CC77E0582 /* Pods-PlayGame.debug.xcconfig */;
			buildSettings = {
				ASSETCATALOG_COMPILER_APPICON_NAME = AppIcon;
				ASSETCATALOG_COMPILER_GLOBAL_ACCENT_COLOR_NAME = AccentColor;
				CODE_SIGN_STYLE = Automatic;
				DEVELOPMENT_TEAM = WX8P2UD78U;
				GCC_PREFIX_HEADER = "$(SRCROOT)/PlayGame/PrefixHeader.pch";
				INFOPLIST_FILE = PlayGame/Info.plist;
				IPHONEOS_DEPLOYMENT_TARGET = 10.0;
				LD_RUNPATH_SEARCH_PATHS = (
					"$(inherited)",
					"@executable_path/Frameworks",
				);
				PRODUCT_BUNDLE_IDENTIFIER = com.fw.PlayGame;
				PRODUCT_NAME = "$(TARGET_NAME)";
				TARGETED_DEVICE_FAMILY = "1,2";
			};
			name = Debug;
		};
		84B2524C2549080700887B01 /* Release */ = {
			isa = XCBuildConfiguration;
			baseConfigurationReference = 85E727548D9F435274513ACD /* Pods-PlayGame.release.xcconfig */;
			buildSettings = {
				ASSETCATALOG_COMPILER_APPICON_NAME = AppIcon;
				ASSETCATALOG_COMPILER_GLOBAL_ACCENT_COLOR_NAME = AccentColor;
				CODE_SIGN_STYLE = Automatic;
				DEVELOPMENT_TEAM = WX8P2UD78U;
				GCC_PREFIX_HEADER = "$(SRCROOT)/PlayGame/PrefixHeader.pch";
				INFOPLIST_FILE = PlayGame/Info.plist;
				IPHONEOS_DEPLOYMENT_TARGET = 10.0;
				LD_RUNPATH_SEARCH_PATHS = (
					"$(inherited)",
					"@executable_path/Frameworks",
				);
				PRODUCT_BUNDLE_IDENTIFIER = com.fw.PlayGame;
				PRODUCT_NAME = "$(TARGET_NAME)";
				TARGETED_DEVICE_FAMILY = "1,2";
			};
			name = Release;
		};
		84B2524E2549080700887B01 /* Debug */ = {
			isa = XCBuildConfiguration;
			baseConfigurationReference = 8777D8CDD4C3DD1D27C4A887 /* Pods-PlayGameTests.debug.xcconfig */;
			buildSettings = {
				BUNDLE_LOADER = "$(TEST_HOST)";
				CODE_SIGN_STYLE = Automatic;
				INFOPLIST_FILE = PlayGameTests/Info.plist;
				IPHONEOS_DEPLOYMENT_TARGET = 14.1;
				LD_RUNPATH_SEARCH_PATHS = (
					"$(inherited)",
					"@executable_path/Frameworks",
					"@loader_path/Frameworks",
				);
				PRODUCT_BUNDLE_IDENTIFIER = com.fw.PlayGameTests;
				PRODUCT_NAME = "$(TARGET_NAME)";
				TARGETED_DEVICE_FAMILY = "1,2";
				TEST_HOST = "$(BUILT_PRODUCTS_DIR)/PlayGame.app/PlayGame";
			};
			name = Debug;
		};
		84B2524F2549080700887B01 /* Release */ = {
			isa = XCBuildConfiguration;
			baseConfigurationReference = F77AC95FAA126A31DE1BB569 /* Pods-PlayGameTests.release.xcconfig */;
			buildSettings = {
				BUNDLE_LOADER = "$(TEST_HOST)";
				CODE_SIGN_STYLE = Automatic;
				INFOPLIST_FILE = PlayGameTests/Info.plist;
				IPHONEOS_DEPLOYMENT_TARGET = 14.1;
				LD_RUNPATH_SEARCH_PATHS = (
					"$(inherited)",
					"@executable_path/Frameworks",
					"@loader_path/Frameworks",
				);
				PRODUCT_BUNDLE_IDENTIFIER = com.fw.PlayGameTests;
				PRODUCT_NAME = "$(TARGET_NAME)";
				TARGETED_DEVICE_FAMILY = "1,2";
				TEST_HOST = "$(BUILT_PRODUCTS_DIR)/PlayGame.app/PlayGame";
			};
			name = Release;
		};
		84B252512549080700887B01 /* Debug */ = {
			isa = XCBuildConfiguration;
			baseConfigurationReference = E66D4F02D6901F59B310E621 /* Pods-PlayGame-PlayGameUITests.debug.xcconfig */;
			buildSettings = {
				CODE_SIGN_STYLE = Automatic;
				INFOPLIST_FILE = PlayGameUITests/Info.plist;
				LD_RUNPATH_SEARCH_PATHS = (
					"$(inherited)",
					"@executable_path/Frameworks",
					"@loader_path/Frameworks",
				);
				PRODUCT_BUNDLE_IDENTIFIER = com.fw.PlayGameUITests;
				PRODUCT_NAME = "$(TARGET_NAME)";
				TARGETED_DEVICE_FAMILY = "1,2";
				TEST_TARGET_NAME = PlayGame;
			};
			name = Debug;
		};
		84B252522549080700887B01 /* Release */ = {
			isa = XCBuildConfiguration;
			baseConfigurationReference = 3169BC3BE14B78666A449DAA /* Pods-PlayGame-PlayGameUITests.release.xcconfig */;
			buildSettings = {
				CODE_SIGN_STYLE = Automatic;
				INFOPLIST_FILE = PlayGameUITests/Info.plist;
				LD_RUNPATH_SEARCH_PATHS = (
					"$(inherited)",
					"@executable_path/Frameworks",
					"@loader_path/Frameworks",
				);
				PRODUCT_BUNDLE_IDENTIFIER = com.fw.PlayGameUITests;
				PRODUCT_NAME = "$(TARGET_NAME)";
				TARGETED_DEVICE_FAMILY = "1,2";
				TEST_TARGET_NAME = PlayGame;
			};
			name = Release;
		};
/* End XCBuildConfiguration section */

/* Begin XCConfigurationList section */
		84B252162549080600887B01 /* Build configuration list for PBXProject "PlayGame" */ = {
			isa = XCConfigurationList;
			buildConfigurations = (
				84B252482549080700887B01 /* Debug */,
				84B252492549080700887B01 /* Release */,
			);
			defaultConfigurationIsVisible = 0;
			defaultConfigurationName = Release;
		};
		84B2524A2549080700887B01 /* Build configuration list for PBXNativeTarget "PlayGame" */ = {
			isa = XCConfigurationList;
			buildConfigurations = (
				84B2524B2549080700887B01 /* Debug */,
				84B2524C2549080700887B01 /* Release */,
			);
			defaultConfigurationIsVisible = 0;
			defaultConfigurationName = Release;
		};
		84B2524D2549080700887B01 /* Build configuration list for PBXNativeTarget "PlayGameTests" */ = {
			isa = XCConfigurationList;
			buildConfigurations = (
				84B2524E2549080700887B01 /* Debug */,
				84B2524F2549080700887B01 /* Release */,
			);
			defaultConfigurationIsVisible = 0;
			defaultConfigurationName = Release;
		};
		84B252502549080700887B01 /* Build configuration list for PBXNativeTarget "PlayGameUITests" */ = {
			isa = XCConfigurationList;
			buildConfigurations = (
				84B252512549080700887B01 /* Debug */,
				84B252522549080700887B01 /* Release */,
			);
			defaultConfigurationIsVisible = 0;
			defaultConfigurationName = Release;
		};
/* End XCConfigurationList section */
	};
	rootObject = 84B252132549080600887B01 /* Project object */;
}
